
Microsoft Visual Studio Solution File, Format Version 12.00
# Visual Studio Version 17
VisualStudioVersion = 17.8.34330.188
MinimumVisualStudioVersion = 10.0.40219.1
Project("{9A19103F-16F7-4668-BE54-9A1E7A4F7556}") = "SmartdoorAdapter", "SmartdoorAdapter\SmartdoorAdapter.csproj", "{657D9F82-B608-4E08-B251-6224DF59FF03}"
EndProject
Project("{9A19103F-16F7-4668-BE54-9A1E7A4F7556}") = "SmartdoorAdapter.Tests", "SmartdoorAdapter.Tests\SmartdoorAdapter.Tests.csproj", "{9EB3CF8A-1A03-43F9-A6BA-DA907F641382}"
EndProject
Project("{2150E333-8FDC-42A3-9474-1A3956D46DE8}") = "Solution Items", "Solution Items", "{E036F3EA-C94C-4782-8618-6001555B1C53}"
	ProjectSection(SolutionItems) = preProject
		README.md = README.md
	EndProjectSection
EndProject
Global
	GlobalSection(SolutionConfigurationPlatforms) = preSolution
		Debug|Any CPU = Debug|Any CPU
		Release|Any CPU = Release|Any CPU
	EndGlobalSection
	GlobalSection(ProjectConfigurationPlatforms) = postSolution
		{657D9F82-B608-4E08-B251-6224DF59FF03}.Debug|Any CPU.ActiveCfg = Debug|Any CPU
		{657D9F82-B608-4E08-B251-6224DF59FF03}.Debug|Any CPU.Build.0 = Debug|Any CPU
		{657D9F82-B608-4E08-B251-6224DF59FF03}.Release|Any CPU.ActiveCfg = Release|Any CPU
		{657D9F82-B608-4E08-B251-6224DF59FF03}.Release|Any CPU.Build.0 = Release|Any CPU
		{9EB3CF8A-1A03-43F9-A6BA-DA907F641382}.Debug|Any CPU.ActiveCfg = Debug|Any CPU
		{9EB3CF8A-1A03-43F9-A6BA-DA907F641382}.Debug|Any CPU.Build.0 = Debug|Any CPU
		{9EB3CF8A-1A03-43F9-A6BA-DA907F641382}.Release|Any CPU.ActiveCfg = Release|Any CPU
		{9EB3CF8A-1A03-43F9-A6BA-DA907F641382}.Release|Any CPU.Build.0 = Release|Any CPU
	EndGlobalSection
	GlobalSection(SolutionProperties) = preSolution
		HideSolutionNode = FALSE
	EndGlobalSection
	GlobalSection(ExtensibilityGlobals) = postSolution
		SolutionGuid = {F3277CA9-BE13-42B9-8FB6-7A8A25ED53E3}
	EndGlobalSection
EndGlobal
